
Microsoft Visual Studio Solution File, Format Version 12.00
# Visual Studio Version 17
VisualStudioVersion = 17.6.33815.320
MinimumVisualStudioVersion = 10.0.40219.1
Project("{FAE04EC0-301F-11D3-BF4B-00C04F79EFBC}") = "SSB", "SSB\SSB.csproj", "{304EDD27-1B39-4EAB-96AE-C4237C45879C}"
EndProject
Project("{54435603-DBB4-11D2-8724-00A0C9A8B90C}") = "SSB 1.02", "SSB 1.02\SSB 1.02.vdproj", "{824B57B0-60DA-4B63-82BA-5A8AD015597A}"
EndProject
Global
	GlobalSection(SolutionConfigurationPlatforms) = preSolution
		Debug|Any CPU = Debug|Any CPU
		Release|Any CPU = Release|Any CPU
	EndGlobalSection
	GlobalSection(ProjectConfigurationPlatforms) = postSolution
		{304EDD27-1B39-4EAB-96AE-C4237C45879C}.Debug|Any CPU.ActiveCfg = Debug|Any CPU
		{304EDD27-1B39-4EAB-96AE-C4237C45879C}.Debug|Any CPU.Build.0 = Debug|Any CPU
		{304EDD27-1B39-4EAB-96AE-C4237C45879C}.Release|Any CPU.ActiveCfg = Release|Any CPU
		{304EDD27-1B39-4EAB-96AE-C4237C45879C}.Release|Any CPU.Build.0 = Release|Any CPU
		{824B57B0-60DA-4B63-82BA-5A8AD015597A}.Debug|Any CPU.ActiveCfg = Debug
		{824B57B0-60DA-4B63-82BA-5A8AD015597A}.Release|Any CPU.ActiveCfg = Release
	EndGlobalSection
	GlobalSection(SolutionProperties) = preSolution
		HideSolutionNode = FALSE
	EndGlobalSection
	GlobalSection(ExtensibilityGlobals) = postSolution
		SolutionGuid = {8F96C45C-FC44-4D4A-A5BF-4D0F9E594601}
	EndGlobalSection
EndGlobal
