
Microsoft Visual Studio Solution File, Format Version 12.00
# Visual Studio Version 17
VisualStudioVersion = 17.6.33815.320
MinimumVisualStudioVersion = 10.0.40219.1
Project("{9A19103F-16F7-4668-BE54-9A1E7A4F7556}") = "teste1", "teste1\teste1.csproj", "{51C0EB71-7A2B-46B5-8468-1DF1F8920E4F}"
EndProject
Project("{54435603-DBB4-11D2-8724-00A0C9A8B90C}") = "Setup3teste", "Setup3teste\Setup3teste.vdproj", "{3892F9B8-9F4C-445C-B8AF-277D7FBCB5B3}"
EndProject
Global
	GlobalSection(SolutionConfigurationPlatforms) = preSolution
		Debug|Any CPU = Debug|Any CPU
		Release|Any CPU = Release|Any CPU
	EndGlobalSection
	GlobalSection(ProjectConfigurationPlatforms) = postSolution
		{51C0EB71-7A2B-46B5-8468-1DF1F8920E4F}.Debug|Any CPU.ActiveCfg = Debug|Any CPU
		{51C0EB71-7A2B-46B5-8468-1DF1F8920E4F}.Debug|Any CPU.Build.0 = Debug|Any CPU
		{51C0EB71-7A2B-46B5-8468-1DF1F8920E4F}.Release|Any CPU.ActiveCfg = Release|Any CPU
		{51C0EB71-7A2B-46B5-8468-1DF1F8920E4F}.Release|Any CPU.Build.0 = Release|Any CPU
		{3892F9B8-9F4C-445C-B8AF-277D7FBCB5B3}.Debug|Any CPU.ActiveCfg = Debug
		{3892F9B8-9F4C-445C-B8AF-277D7FBCB5B3}.Release|Any CPU.ActiveCfg = Release
	EndGlobalSection
	GlobalSection(SolutionProperties) = preSolution
		HideSolutionNode = FALSE
	EndGlobalSection
	GlobalSection(ExtensibilityGlobals) = postSolution
		SolutionGuid = {3BEF8C52-F471-4474-9334-1E00F9712EB4}
	EndGlobalSection
EndGlobal
