
Microsoft Visual Studio Solution File, Format Version 12.00
# Visual Studio Version 17
VisualStudioVersion = 17.6.33815.320
MinimumVisualStudioVersion = 10.0.40219.1
Project("{FAE04EC0-301F-11D3-BF4B-00C04F79EFBC}") = "WindowsFormsApp1", "WindowsFormsApp1\WindowsFormsApp1.csproj", "{FE5DEE78-84C0-4FDE-9B43-D816508B7FF3}"
EndProject
Global
	GlobalSection(SolutionConfigurationPlatforms) = preSolution
		Debug|Any CPU = Debug|Any CPU
		Release|Any CPU = Release|Any CPU
	EndGlobalSection
	GlobalSection(ProjectConfigurationPlatforms) = postSolution
		{FE5DEE78-84C0-4FDE-9B43-D816508B7FF3}.Debug|Any CPU.ActiveCfg = Debug|Any CPU
		{FE5DEE78-84C0-4FDE-9B43-D816508B7FF3}.Debug|Any CPU.Build.0 = Debug|Any CPU
		{FE5DEE78-84C0-4FDE-9B43-D816508B7FF3}.Release|Any CPU.ActiveCfg = Release|Any CPU
		{FE5DEE78-84C0-4FDE-9B43-D816508B7FF3}.Release|Any CPU.Build.0 = Release|Any CPU
	EndGlobalSection
	GlobalSection(SolutionProperties) = preSolution
		HideSolutionNode = FALSE
	EndGlobalSection
	GlobalSection(ExtensibilityGlobals) = postSolution
		SolutionGuid = {6F335B44-2B32-405F-946A-41E90A4E8078}
	EndGlobalSection
EndGlobal
